<?xml version="1.0" encoding="UTF-8"?>
<!DOCTYPE plist PUBLIC "-//Apple//DTD PLIST 1.0//EN" "http://www.apple.com/DTDs/PropertyList-1.0.dtd">
<plist version="1.0">
<dict>
	<key>archiveVersion</key>
	<string>1</string>
	<key>classes</key>
	<dict/>
	<key>objectVersion</key>
	<string>46</string>
	<key>objects</key>
	<dict>
		<key>2C103A2416FF452100BC46B4</key>
		<dict>
			<key>isa</key>
			<string>PBXFileReference</string>
			<key>lastKnownFileType</key>
			<string>wrapper.xcdatamodel</string>
			<key>path</key>
			<string>STGTDataModel.xcdatamodel</string>
			<key>sourceTree</key>
			<string>&lt;group&gt;</string>
		</dict>
		<key>2C103A2516FF452100BC46B4</key>
		<dict>
			<key>fileRef</key>
			<string>2C103A2416FF452100BC46B4</string>
			<key>isa</key>
			<string>PBXBuildFile</string>
		</dict>
		<key>2C103A4A16FF467500BC46B4</key>
		<dict>
			<key>isa</key>
			<string>PBXFileReference</string>
			<key>lastKnownFileType</key>
			<string>wrapper.framework</string>
			<key>name</key>
			<string>CoreData.framework</string>
			<key>path</key>
			<string>System/Library/Frameworks/CoreData.framework</string>
			<key>sourceTree</key>
			<string>SDKROOT</string>
		</dict>
		<key>2C103A4B16FF467500BC46B4</key>
		<dict>
			<key>fileRef</key>
			<string>2C103A4A16FF467500BC46B4</string>
			<key>isa</key>
			<string>PBXBuildFile</string>
		</dict>
		<key>2C103A4C17004F3A00BC46B4</key>
		<dict>
			<key>fileEncoding</key>
			<string>4</string>
			<key>isa</key>
			<string>PBXFileReference</string>
			<key>lastKnownFileType</key>
			<string>sourcecode.c.h</string>
			<key>path</key>
			<string>STGTSettingsController.h</string>
			<key>sourceTree</key>
			<string>&lt;group&gt;</string>
		</dict>
		<key>2C103A4D17004F3A00BC46B4</key>
		<dict>
			<key>fileEncoding</key>
			<string>4</string>
			<key>isa</key>
			<string>PBXFileReference</string>
			<key>lastKnownFileType</key>
			<string>sourcecode.c.objc</string>
			<key>path</key>
			<string>STGTSettingsController.m</string>
			<key>sourceTree</key>
			<string>&lt;group&gt;</string>
		</dict>
		<key>2C103A4F17004F6100BC46B4</key>
		<dict>
			<key>fileRef</key>
			<string>2C103A4D17004F3A00BC46B4</string>
			<key>isa</key>
			<string>PBXBuildFile</string>
		</dict>
		<key>2C103A501700512500BC46B4</key>
		<dict>
			<key>isa</key>
			<string>PBXFileReference</string>
			<key>lastKnownFileType</key>
			<string>wrapper.framework</string>
			<key>name</key>
			<string>MapKit.framework</string>
			<key>path</key>
			<string>System/Library/Frameworks/MapKit.framework</string>
			<key>sourceTree</key>
			<string>SDKROOT</string>
		</dict>
		<key>2C103A511700512500BC46B4</key>
		<dict>
			<key>fileRef</key>
			<string>2C103A501700512500BC46B4</string>
			<key>isa</key>
			<string>PBXBuildFile</string>
		</dict>
		<key>2C103A521700512C00BC46B4</key>
		<dict>
			<key>isa</key>
			<string>PBXFileReference</string>
			<key>lastKnownFileType</key>
			<string>wrapper.framework</string>
			<key>name</key>
			<string>CoreLocation.framework</string>
			<key>path</key>
			<string>System/Library/Frameworks/CoreLocation.framework</string>
			<key>sourceTree</key>
			<string>SDKROOT</string>
		</dict>
		<key>2C103A531700512C00BC46B4</key>
		<dict>
			<key>fileRef</key>
			<string>2C103A521700512C00BC46B4</string>
			<key>isa</key>
			<string>PBXBuildFile</string>
		</dict>
		<key>2C18131C170DD67C00A36CBB</key>
		<dict>
			<key>isa</key>
			<string>PBXFileReference</string>
			<key>lastKnownFileType</key>
			<string>image.png</string>
			<key>path</key>
			<string>battery.png</string>
			<key>sourceTree</key>
			<string>&lt;group&gt;</string>
		</dict>
		<key>2C18131D170DD67C00A36CBB</key>
		<dict>
			<key>isa</key>
			<string>PBXFileReference</string>
			<key>lastKnownFileType</key>
			<string>image.png</string>
			<key>path</key>
			<string>geo.png</string>
			<key>sourceTree</key>
			<string>&lt;group&gt;</string>
		</dict>
		<key>2C18131E170DD67C00A36CBB</key>
		<dict>
			<key>isa</key>
			<string>PBXFileReference</string>
			<key>lastKnownFileType</key>
			<string>image.png</string>
			<key>path</key>
			<string>ok.png</string>
			<key>sourceTree</key>
			<string>&lt;group&gt;</string>
		</dict>
		<key>2C18131F170DD67C00A36CBB</key>
		<dict>
			<key>isa</key>
			<string>PBXFileReference</string>
			<key>lastKnownFileType</key>
			<string>image.png</string>
			<key>path</key>
			<string>warning.png</string>
			<key>sourceTree</key>
			<string>&lt;group&gt;</string>
		</dict>
		<key>2C181320170DD67C00A36CBB</key>
		<dict>
			<key>fileRef</key>
			<string>2C18131C170DD67C00A36CBB</string>
			<key>isa</key>
			<string>PBXBuildFile</string>
		</dict>
		<key>2C181321170DD67C00A36CBB</key>
		<dict>
			<key>fileRef</key>
			<string>2C18131D170DD67C00A36CBB</string>
			<key>isa</key>
			<string>PBXBuildFile</string>
		</dict>
		<key>2C181322170DD67C00A36CBB</key>
		<dict>
			<key>fileRef</key>
			<string>2C18131E170DD67C00A36CBB</string>
			<key>isa</key>
			<string>PBXBuildFile</string>
		</dict>
		<key>2C181323170DD67C00A36CBB</key>
		<dict>
			<key>fileRef</key>
			<string>2C18131F170DD67C00A36CBB</string>
			<key>isa</key>
			<string>PBXBuildFile</string>
		</dict>
		<key>2C181325170F054F00A36CBB</key>
		<dict>
			<key>fileEncoding</key>
			<string>4</string>
			<key>isa</key>
			<string>PBXFileReference</string>
			<key>lastKnownFileType</key>
			<string>sourcecode.c.h</string>
			<key>path</key>
			<string>STGTTrackController.h</string>
			<key>sourceTree</key>
			<string>&lt;group&gt;</string>
		</dict>
		<key>2C181326170F054F00A36CBB</key>
		<dict>
			<key>fileEncoding</key>
			<string>4</string>
			<key>isa</key>
			<string>PBXFileReference</string>
			<key>lastKnownFileType</key>
			<string>sourcecode.c.objc</string>
			<key>path</key>
			<string>STGTTrackController.m</string>
			<key>sourceTree</key>
			<string>&lt;group&gt;</string>
		</dict>
		<key>2C181327170F054F00A36CBB</key>
		<dict>
			<key>fileRef</key>
			<string>2C181326170F054F00A36CBB</string>
			<key>isa</key>
			<string>PBXBuildFile</string>
		</dict>
		<key>2C181328170F06F900A36CBB</key>
		<dict>
			<key>fileEncoding</key>
			<string>4</string>
			<key>isa</key>
			<string>PBXFileReference</string>
			<key>lastKnownFileType</key>
			<string>sourcecode.c.h</string>
			<key>path</key>
			<string>STGTTrack+dayAsString.h</string>
			<key>sourceTree</key>
			<string>&lt;group&gt;</string>
		</dict>
		<key>2C181329170F06F900A36CBB</key>
		<dict>
			<key>fileEncoding</key>
			<string>4</string>
			<key>isa</key>
			<string>PBXFileReference</string>
			<key>lastKnownFileType</key>
			<string>sourcecode.c.objc</string>
			<key>path</key>
			<string>STGTTrack+dayAsString.m</string>
			<key>sourceTree</key>
			<string>&lt;group&gt;</string>
		</dict>
		<key>2C18132A170F06F900A36CBB</key>
		<dict>
			<key>fileRef</key>
			<string>2C181329170F06F900A36CBB</string>
			<key>isa</key>
			<string>PBXBuildFile</string>
		</dict>
		<key>2C18132F170F215D00A36CBB</key>
		<dict>
			<key>fileRef</key>
			<string>2C181331170F215D00A36CBB</string>
			<key>isa</key>
			<string>PBXBuildFile</string>
		</dict>
		<key>2C181330170F215D00A36CBB</key>
		<dict>
			<key>isa</key>
			<string>PBXFileReference</string>
			<key>lastKnownFileType</key>
			<string>text.plist.strings</string>
			<key>name</key>
			<string>en</string>
			<key>path</key>
			<string>en.lproj/Localizable.strings</string>
			<key>sourceTree</key>
			<string>&lt;group&gt;</string>
		</dict>
		<key>2C181331170F215D00A36CBB</key>
		<dict>
			<key>children</key>
			<array>
				<string>2C181330170F215D00A36CBB</string>
				<string>2C181332170F218900A36CBB</string>
			</array>
			<key>isa</key>
			<string>PBXVariantGroup</string>
			<key>name</key>
			<string>Localizable.strings</string>
			<key>sourceTree</key>
			<string>&lt;group&gt;</string>
		</dict>
		<key>2C181332170F218900A36CBB</key>
		<dict>
			<key>isa</key>
			<string>PBXFileReference</string>
			<key>lastKnownFileType</key>
			<string>text.plist.strings</string>
			<key>name</key>
			<string>ru</string>
			<key>path</key>
			<string>ru.lproj/Localizable.strings</string>
			<key>sourceTree</key>
			<string>&lt;group&gt;</string>
		</dict>
		<key>2C1813331710116A00A36CBB</key>
		<dict>
			<key>fileEncoding</key>
			<string>4</string>
			<key>isa</key>
			<string>PBXFileReference</string>
			<key>lastKnownFileType</key>
			<string>sourcecode.c.h</string>
			<key>path</key>
			<string>STGTInfoViewController.h</string>
			<key>sourceTree</key>
			<string>&lt;group&gt;</string>
		</dict>
		<key>2C1813341710116A00A36CBB</key>
		<dict>
			<key>fileEncoding</key>
			<string>4</string>
			<key>isa</key>
			<string>PBXFileReference</string>
			<key>lastKnownFileType</key>
			<string>sourcecode.c.objc</string>
			<key>path</key>
			<string>STGTInfoViewController.m</string>
			<key>sourceTree</key>
			<string>&lt;group&gt;</string>
		</dict>
		<key>2C1813351710116A00A36CBB</key>
		<dict>
			<key>fileRef</key>
			<string>2C1813341710116A00A36CBB</string>
			<key>isa</key>
			<string>PBXBuildFile</string>
		</dict>
		<key>2C1879E617106D3600F6EFF9</key>
		<dict>
			<key>fileEncoding</key>
			<string>4</string>
			<key>isa</key>
			<string>PBXFileReference</string>
			<key>lastKnownFileType</key>
			<string>sourcecode.c.h</string>
			<key>path</key>
			<string>STGTLogMessage.h</string>
			<key>sourceTree</key>
			<string>&lt;group&gt;</string>
		</dict>
		<key>2C1879E717106D3600F6EFF9</key>
		<dict>
			<key>fileEncoding</key>
			<string>4</string>
			<key>isa</key>
			<string>PBXFileReference</string>
			<key>lastKnownFileType</key>
			<string>sourcecode.c.objc</string>
			<key>path</key>
			<string>STGTLogMessage.m</string>
			<key>sourceTree</key>
			<string>&lt;group&gt;</string>
		</dict>
		<key>2C1879E817106D3600F6EFF9</key>
		<dict>
			<key>fileRef</key>
			<string>2C1879E717106D3600F6EFF9</string>
			<key>isa</key>
			<string>PBXBuildFile</string>
		</dict>
		<key>2C1879EA17106D7100F6EFF9</key>
		<dict>
			<key>fileEncoding</key>
			<string>4</string>
			<key>isa</key>
			<string>PBXFileReference</string>
			<key>lastKnownFileType</key>
			<string>sourcecode.c.h</string>
			<key>path</key>
			<string>STLogger.h</string>
			<key>sourceTree</key>
			<string>&lt;group&gt;</string>
		</dict>
		<key>2C1879EB17106D7100F6EFF9</key>
		<dict>
			<key>fileEncoding</key>
			<string>4</string>
			<key>isa</key>
			<string>PBXFileReference</string>
			<key>lastKnownFileType</key>
			<string>sourcecode.c.objc</string>
			<key>path</key>
			<string>STLogger.m</string>
			<key>sourceTree</key>
			<string>&lt;group&gt;</string>
		</dict>
		<key>2C1879EC17106D7100F6EFF9</key>
		<dict>
			<key>fileRef</key>
			<string>2C1879EB17106D7100F6EFF9</string>
			<key>isa</key>
			<string>PBXBuildFile</string>
		</dict>
		<key>2C187A451715371600F6EFF9</key>
		<dict>
			<key>fileEncoding</key>
			<string>4</string>
			<key>isa</key>
			<string>PBXFileReference</string>
			<key>lastKnownFileType</key>
			<string>sourcecode.c.h</string>
			<key>path</key>
			<string>STAuthBasic.h</string>
			<key>sourceTree</key>
			<string>&lt;group&gt;</string>
		</dict>
		<key>2C187A461715371600F6EFF9</key>
		<dict>
			<key>fileEncoding</key>
			<string>4</string>
			<key>isa</key>
			<string>PBXFileReference</string>
			<key>lastKnownFileType</key>
			<string>sourcecode.c.objc</string>
			<key>path</key>
			<string>STAuthBasic.m</string>
			<key>sourceTree</key>
			<string>&lt;group&gt;</string>
		</dict>
		<key>2C187A471715371600F6EFF9</key>
		<dict>
			<key>fileRef</key>
			<string>2C187A461715371600F6EFF9</string>
			<key>isa</key>
			<string>PBXBuildFile</string>
		</dict>
		<key>2C2ACA5216EE2453001E333A</key>
		<dict>
			<key>children</key>
			<array>
				<string>2C2ACA6716EE2453001E333A</string>
				<string>2C2ACA8E16EE2453001E333A</string>
				<string>2C2ACA6016EE2453001E333A</string>
				<string>2C2ACA5E16EE2453001E333A</string>
				<string>BBA5B27B7C6843118778AB96</string>
			</array>
			<key>isa</key>
			<string>PBXGroup</string>
			<key>sourceTree</key>
			<string>&lt;group&gt;</string>
		</dict>
		<key>2C2ACA5416EE2453001E333A</key>
		<dict>
			<key>attributes</key>
			<dict>
				<key>CLASSPREFIX</key>
				<string>ST</string>
				<key>LastUpgradeCheck</key>
				<string>0450</string>
				<key>ORGANIZATIONNAME</key>
				<string>Maxim Grigoriev</string>
			</dict>
			<key>buildConfigurationList</key>
			<string>2C2ACA5716EE2453001E333A</string>
			<key>compatibilityVersion</key>
			<string>Xcode 3.2</string>
			<key>developmentRegion</key>
			<string>English</string>
			<key>hasScannedForEncodings</key>
			<string>0</string>
			<key>isa</key>
			<string>PBXProject</string>
			<key>knownRegions</key>
			<array>
				<string>en</string>
				<string>ru</string>
			</array>
			<key>mainGroup</key>
			<string>2C2ACA5216EE2453001E333A</string>
			<key>productRefGroup</key>
			<string>2C2ACA5E16EE2453001E333A</string>
			<key>projectDirPath</key>
			<string></string>
			<key>projectReferences</key>
			<array/>
			<key>projectRoot</key>
			<string></string>
			<key>targets</key>
			<array>
				<string>2C2ACA5C16EE2453001E333A</string>
				<string>2C2ACA8616EE2453001E333A</string>
			</array>
		</dict>
		<key>2C2ACA5716EE2453001E333A</key>
		<dict>
			<key>buildConfigurations</key>
			<array>
				<string>2C2ACA9716EE2453001E333A</string>
				<string>2C2ACA9816EE2453001E333A</string>
			</array>
			<key>defaultConfigurationIsVisible</key>
			<string>0</string>
			<key>defaultConfigurationName</key>
			<string>Release</string>
			<key>isa</key>
			<string>XCConfigurationList</string>
		</dict>
		<key>2C2ACA5916EE2453001E333A</key>
		<dict>
			<key>buildActionMask</key>
			<string>2147483647</string>
			<key>files</key>
			<array>
				<string>2C2ACA6E16EE2453001E333A</string>
				<string>2C2ACA7216EE2453001E333A</string>
				<string>2C2ACAA216EE24E5001E333A</string>
				<string>2C2ACAA516EE24F4001E333A</string>
				<string>2C2ACAA816EE2719001E333A</string>
				<string>2C2ACAAB16EE2741001E333A</string>
				<string>2C2ACAAE16EE2762001E333A</string>
				<string>2C103A2516FF452100BC46B4</string>
				<string>2C103A4F17004F6100BC46B4</string>
				<string>2CA1286D1709C88200FBD8F3</string>
				<string>2CA128E6170B23E500FBD8F3</string>
				<string>2CA128E9170B23E500FBD8F3</string>
				<string>2CA128EC170B23E500FBD8F3</string>
				<string>2CA128EF170B23E500FBD8F3</string>
				<string>2CA128F2170B23E600FBD8F3</string>
				<string>2CA128F5170B23E600FBD8F3</string>
				<string>2CA128F8170B23E600FBD8F3</string>
				<string>2CA128FB170B23E600FBD8F3</string>
				<string>2CA128FE170B23E600FBD8F3</string>
				<string>2CA12901170B23E700FBD8F3</string>
				<string>2CA12904170B23E700FBD8F3</string>
				<string>2CA12907170B23E700FBD8F3</string>
				<string>2C3B88AE170C547B0045EC6D</string>
				<string>2CE75FC1170C630600807B27</string>
				<string>2CE75FCA170DB98F00807B27</string>
				<string>2CE75FCD170DBBA400807B27</string>
				<string>2C181327170F054F00A36CBB</string>
				<string>2C18132A170F06F900A36CBB</string>
				<string>2C1813351710116A00A36CBB</string>
				<string>2C1879E817106D3600F6EFF9</string>
				<string>2C1879EC17106D7100F6EFF9</string>
				<string>2C187A471715371600F6EFF9</string>
			</array>
			<key>isa</key>
			<string>PBXSourcesBuildPhase</string>
			<key>runOnlyForDeploymentPostprocessing</key>
			<string>0</string>
		</dict>
		<key>2C2ACA5A16EE2453001E333A</key>
		<dict>
			<key>buildActionMask</key>
			<string>2147483647</string>
			<key>files</key>
			<array>
				<string>2CE75FCF170DBC1E00807B27</string>
				<string>2C103A531700512C00BC46B4</string>
				<string>2C103A511700512500BC46B4</string>
				<string>2C103A4B16FF467500BC46B4</string>
				<string>2C2ACA6216EE2453001E333A</string>
				<string>2C2ACA6416EE2453001E333A</string>
				<string>2C2ACA6616EE2453001E333A</string>
				<string>F4AE3459BCAB4E33A98DFC8A</string>
			</array>
			<key>isa</key>
			<string>PBXFrameworksBuildPhase</string>
			<key>runOnlyForDeploymentPostprocessing</key>
			<string>0</string>
		</dict>
		<key>2C2ACA5B16EE2453001E333A</key>
		<dict>
			<key>buildActionMask</key>
			<string>2147483647</string>
			<key>files</key>
			<array>
				<string>2C2ACA6C16EE2453001E333A</string>
				<string>2C2ACA7416EE2453001E333A</string>
				<string>2C2ACA7616EE2453001E333A</string>
				<string>2C2ACA7816EE2453001E333A</string>
				<string>2C2ACA7B16EE2453001E333A</string>
				<string>2C2ACA7E16EE2453001E333A</string>
				<string>2CE75FD6170DCA4100807B27</string>
				<string>2CE75FD8170DCAED00807B27</string>
				<string>2CE75FDA170DCC0000807B27</string>
				<string>2CE75FDC170DCD3800807B27</string>
				<string>2CE75FDE170DCDC500807B27</string>
				<string>2CE75FE0170DCE3800807B27</string>
				<string>2CE75FE2170DD09A00807B27</string>
				<string>2C181320170DD67C00A36CBB</string>
				<string>2C181321170DD67C00A36CBB</string>
				<string>2C181322170DD67C00A36CBB</string>
				<string>2C181323170DD67C00A36CBB</string>
				<string>2C18132F170F215D00A36CBB</string>
			</array>
			<key>isa</key>
			<string>PBXResourcesBuildPhase</string>
			<key>runOnlyForDeploymentPostprocessing</key>
			<string>0</string>
		</dict>
		<key>2C2ACA5C16EE2453001E333A</key>
		<dict>
			<key>buildConfigurationList</key>
			<string>2C2ACA9916EE2453001E333A</string>
			<key>buildPhases</key>
			<array>
				<string>BD88DF6D72214ABDAF8BF807</string>
				<string>2C2ACA5916EE2453001E333A</string>
				<string>2C2ACA5A16EE2453001E333A</string>
				<string>2C2ACA5B16EE2453001E333A</string>
				<string>DD12C00A464143099A44997E</string>
			</array>
			<key>buildRules</key>
			<array/>
			<key>dependencies</key>
			<array/>
			<key>isa</key>
			<string>PBXNativeTarget</string>
			<key>name</key>
			<string>geotracker</string>
			<key>productName</key>
			<string>geotracker</string>
			<key>productReference</key>
			<string>2C2ACA5D16EE2453001E333A</string>
			<key>productType</key>
			<string>com.apple.product-type.application</string>
		</dict>
		<key>2C2ACA5D16EE2453001E333A</key>
		<dict>
			<key>explicitFileType</key>
			<string>wrapper.application</string>
			<key>includeInIndex</key>
			<string>0</string>
			<key>isa</key>
			<string>PBXFileReference</string>
			<key>path</key>
			<string>geotracker.app</string>
			<key>sourceTree</key>
			<string>BUILT_PRODUCTS_DIR</string>
		</dict>
		<key>2C2ACA5E16EE2453001E333A</key>
		<dict>
			<key>children</key>
			<array>
				<string>2C2ACA5D16EE2453001E333A</string>
				<string>2C2ACA8716EE2453001E333A</string>
			</array>
			<key>isa</key>
			<string>PBXGroup</string>
			<key>name</key>
			<string>Products</string>
			<key>sourceTree</key>
			<string>&lt;group&gt;</string>
		</dict>
		<key>2C2ACA6016EE2453001E333A</key>
		<dict>
			<key>children</key>
			<array>
				<string>2CE75FCE170DBC1E00807B27</string>
				<string>2C103A521700512C00BC46B4</string>
				<string>2C103A501700512500BC46B4</string>
				<string>2C103A4A16FF467500BC46B4</string>
				<string>2C2ACA6116EE2453001E333A</string>
				<string>2C2ACA6316EE2453001E333A</string>
				<string>2C2ACA6516EE2453001E333A</string>
				<string>2C2ACA8816EE2453001E333A</string>
				<string>C6A9C433F3F845408B72D25C</string>
			</array>
			<key>isa</key>
			<string>PBXGroup</string>
			<key>name</key>
			<string>Frameworks</string>
			<key>sourceTree</key>
			<string>&lt;group&gt;</string>
		</dict>
		<key>2C2ACA6116EE2453001E333A</key>
		<dict>
			<key>isa</key>
			<string>PBXFileReference</string>
			<key>lastKnownFileType</key>
			<string>wrapper.framework</string>
			<key>name</key>
			<string>UIKit.framework</string>
			<key>path</key>
			<string>System/Library/Frameworks/UIKit.framework</string>
			<key>sourceTree</key>
			<string>SDKROOT</string>
		</dict>
		<key>2C2ACA6216EE2453001E333A</key>
		<dict>
			<key>fileRef</key>
			<string>2C2ACA6116EE2453001E333A</string>
			<key>isa</key>
			<string>PBXBuildFile</string>
		</dict>
		<key>2C2ACA6316EE2453001E333A</key>
		<dict>
			<key>isa</key>
			<string>PBXFileReference</string>
			<key>lastKnownFileType</key>
			<string>wrapper.framework</string>
			<key>name</key>
			<string>Foundation.framework</string>
			<key>path</key>
			<string>System/Library/Frameworks/Foundation.framework</string>
			<key>sourceTree</key>
			<string>SDKROOT</string>
		</dict>
		<key>2C2ACA6416EE2453001E333A</key>
		<dict>
			<key>fileRef</key>
			<string>2C2ACA6316EE2453001E333A</string>
			<key>isa</key>
			<string>PBXBuildFile</string>
		</dict>
		<key>2C2ACA6516EE2453001E333A</key>
		<dict>
			<key>isa</key>
			<string>PBXFileReference</string>
			<key>lastKnownFileType</key>
			<string>wrapper.framework</string>
			<key>name</key>
			<string>CoreGraphics.framework</string>
			<key>path</key>
			<string>System/Library/Frameworks/CoreGraphics.framework</string>
			<key>sourceTree</key>
			<string>SDKROOT</string>
		</dict>
		<key>2C2ACA6616EE2453001E333A</key>
		<dict>
			<key>fileRef</key>
			<string>2C2ACA6516EE2453001E333A</string>
			<key>isa</key>
			<string>PBXBuildFile</string>
		</dict>
		<key>2C2ACA6716EE2453001E333A</key>
		<dict>
			<key>children</key>
			<array>
				<string>2C2ACA6816EE2453001E333A</string>
				<string>2CE75FD0170DC79200807B27</string>
				<string>2C2ACA9F16EE24A0001E333A</string>
				<string>2C2ACA7016EE2453001E333A</string>
				<string>2C2ACA7116EE2453001E333A</string>
				<string>2C2ACA7916EE2453001E333A</string>
				<string>2C2ACA7C16EE2453001E333A</string>
			</array>
			<key>isa</key>
			<string>PBXGroup</string>
			<key>path</key>
			<string>geotracker</string>
			<key>sourceTree</key>
			<string>&lt;group&gt;</string>
		</dict>
		<key>2C2ACA6816EE2453001E333A</key>
		<dict>
			<key>children</key>
			<array>
				<string>2C2ACA6916EE2453001E333A</string>
				<string>2C2ACA6A16EE2453001E333A</string>
				<string>2C2ACA6D16EE2453001E333A</string>
				<string>2C2ACA6F16EE2453001E333A</string>
				<string>2C2ACA7316EE2453001E333A</string>
				<string>2C2ACA7516EE2453001E333A</string>
				<string>2C2ACA7716EE2453001E333A</string>
			</array>
			<key>isa</key>
			<string>PBXGroup</string>
			<key>name</key>
			<string>Supporting Files</string>
			<key>sourceTree</key>
			<string>&lt;group&gt;</string>
		</dict>
		<key>2C2ACA6916EE2453001E333A</key>
		<dict>
			<key>isa</key>
			<string>PBXFileReference</string>
			<key>lastKnownFileType</key>
			<string>text.plist.xml</string>
			<key>path</key>
			<string>geotracker-Info.plist</string>
			<key>sourceTree</key>
			<string>&lt;group&gt;</string>
		</dict>
		<key>2C2ACA6A16EE2453001E333A</key>
		<dict>
			<key>children</key>
			<array>
				<string>2C2ACA6B16EE2453001E333A</string>
			</array>
			<key>isa</key>
			<string>PBXVariantGroup</string>
			<key>name</key>
			<string>InfoPlist.strings</string>
			<key>sourceTree</key>
			<string>&lt;group&gt;</string>
		</dict>
		<key>2C2ACA6B16EE2453001E333A</key>
		<dict>
			<key>isa</key>
			<string>PBXFileReference</string>
			<key>lastKnownFileType</key>
			<string>text.plist.strings</string>
			<key>name</key>
			<string>en</string>
			<key>path</key>
			<string>en.lproj/InfoPlist.strings</string>
			<key>sourceTree</key>
			<string>&lt;group&gt;</string>
		</dict>
		<key>2C2ACA6C16EE2453001E333A</key>
		<dict>
			<key>fileRef</key>
			<string>2C2ACA6A16EE2453001E333A</string>
			<key>isa</key>
			<string>PBXBuildFile</string>
		</dict>
		<key>2C2ACA6D16EE2453001E333A</key>
		<dict>
			<key>isa</key>
			<string>PBXFileReference</string>
			<key>lastKnownFileType</key>
			<string>sourcecode.c.objc</string>
			<key>path</key>
			<string>main.m</string>
			<key>sourceTree</key>
			<string>&lt;group&gt;</string>
		</dict>
		<key>2C2ACA6E16EE2453001E333A</key>
		<dict>
			<key>fileRef</key>
			<string>2C2ACA6D16EE2453001E333A</string>
			<key>isa</key>
			<string>PBXBuildFile</string>
		</dict>
		<key>2C2ACA6F16EE2453001E333A</key>
		<dict>
			<key>isa</key>
			<string>PBXFileReference</string>
			<key>lastKnownFileType</key>
			<string>sourcecode.c.h</string>
			<key>path</key>
			<string>geotracker-Prefix.pch</string>
			<key>sourceTree</key>
			<string>&lt;group&gt;</string>
		</dict>
		<key>2C2ACA7016EE2453001E333A</key>
		<dict>
			<key>isa</key>
			<string>PBXFileReference</string>
			<key>lastKnownFileType</key>
			<string>sourcecode.c.h</string>
			<key>path</key>
			<string>STGTAppDelegate.h</string>
			<key>sourceTree</key>
			<string>&lt;group&gt;</string>
		</dict>
		<key>2C2ACA7116EE2453001E333A</key>
		<dict>
			<key>isa</key>
			<string>PBXFileReference</string>
			<key>lastKnownFileType</key>
			<string>sourcecode.c.objc</string>
			<key>path</key>
			<string>STGTAppDelegate.m</string>
			<key>sourceTree</key>
			<string>&lt;group&gt;</string>
		</dict>
		<key>2C2ACA7216EE2453001E333A</key>
		<dict>
			<key>fileRef</key>
			<string>2C2ACA7116EE2453001E333A</string>
			<key>isa</key>
			<string>PBXBuildFile</string>
		</dict>
		<key>2C2ACA7316EE2453001E333A</key>
		<dict>
			<key>isa</key>
			<string>PBXFileReference</string>
			<key>lastKnownFileType</key>
			<string>image.png</string>
			<key>path</key>
			<string>Default.png</string>
			<key>sourceTree</key>
			<string>&lt;group&gt;</string>
		</dict>
		<key>2C2ACA7416EE2453001E333A</key>
		<dict>
			<key>fileRef</key>
			<string>2C2ACA7316EE2453001E333A</string>
			<key>isa</key>
			<string>PBXBuildFile</string>
		</dict>
		<key>2C2ACA7516EE2453001E333A</key>
		<dict>
			<key>isa</key>
			<string>PBXFileReference</string>
			<key>lastKnownFileType</key>
			<string>image.png</string>
			<key>path</key>
			<string>Default@2x.png</string>
			<key>sourceTree</key>
			<string>&lt;group&gt;</string>
		</dict>
		<key>2C2ACA7616EE2453001E333A</key>
		<dict>
			<key>fileRef</key>
			<string>2C2ACA7516EE2453001E333A</string>
			<key>isa</key>
			<string>PBXBuildFile</string>
		</dict>
		<key>2C2ACA7716EE2453001E333A</key>
		<dict>
			<key>isa</key>
			<string>PBXFileReference</string>
			<key>lastKnownFileType</key>
			<string>image.png</string>
			<key>path</key>
			<string>Default-568h@2x.png</string>
			<key>sourceTree</key>
			<string>&lt;group&gt;</string>
		</dict>
		<key>2C2ACA7816EE2453001E333A</key>
		<dict>
			<key>fileRef</key>
			<string>2C2ACA7716EE2453001E333A</string>
			<key>isa</key>
			<string>PBXBuildFile</string>
		</dict>
		<key>2C2ACA7916EE2453001E333A</key>
		<dict>
			<key>children</key>
			<array>
				<string>2C2ACA7A16EE2453001E333A</string>
			</array>
			<key>isa</key>
			<string>PBXVariantGroup</string>
			<key>name</key>
			<string>MainStoryboard_iPhone.storyboard</string>
			<key>sourceTree</key>
			<string>&lt;group&gt;</string>
		</dict>
		<key>2C2ACA7A16EE2453001E333A</key>
		<dict>
			<key>isa</key>
			<string>PBXFileReference</string>
			<key>lastKnownFileType</key>
			<string>file.storyboard</string>
			<key>name</key>
			<string>en</string>
			<key>path</key>
			<string>en.lproj/MainStoryboard_iPhone.storyboard</string>
			<key>sourceTree</key>
			<string>&lt;group&gt;</string>
		</dict>
		<key>2C2ACA7B16EE2453001E333A</key>
		<dict>
			<key>fileRef</key>
			<string>2C2ACA7916EE2453001E333A</string>
			<key>isa</key>
			<string>PBXBuildFile</string>
		</dict>
		<key>2C2ACA7C16EE2453001E333A</key>
		<dict>
			<key>children</key>
			<array>
				<string>2C2ACA7D16EE2453001E333A</string>
			</array>
			<key>isa</key>
			<string>PBXVariantGroup</string>
			<key>name</key>
			<string>MainStoryboard_iPad.storyboard</string>
			<key>sourceTree</key>
			<string>&lt;group&gt;</string>
		</dict>
		<key>2C2ACA7D16EE2453001E333A</key>
		<dict>
			<key>isa</key>
			<string>PBXFileReference</string>
			<key>lastKnownFileType</key>
			<string>file.storyboard</string>
			<key>name</key>
			<string>en</string>
			<key>path</key>
			<string>en.lproj/MainStoryboard_iPad.storyboard</string>
			<key>sourceTree</key>
			<string>&lt;group&gt;</string>
		</dict>
		<key>2C2ACA7E16EE2453001E333A</key>
		<dict>
			<key>fileRef</key>
			<string>2C2ACA7C16EE2453001E333A</string>
			<key>isa</key>
			<string>PBXBuildFile</string>
		</dict>
		<key>2C2ACA8216EE2453001E333A</key>
		<dict>
			<key>buildActionMask</key>
			<string>2147483647</string>
			<key>files</key>
			<array>
				<string>2C2ACA9616EE2453001E333A</string>
			</array>
			<key>isa</key>
			<string>PBXSourcesBuildPhase</string>
			<key>runOnlyForDeploymentPostprocessing</key>
			<string>0</string>
		</dict>
		<key>2C2ACA8316EE2453001E333A</key>
		<dict>
			<key>buildActionMask</key>
			<string>2147483647</string>
			<key>files</key>
			<array>
				<string>2C2ACA8916EE2453001E333A</string>
				<string>2C2ACA8A16EE2453001E333A</string>
				<string>2C2ACA8B16EE2453001E333A</string>
			</array>
			<key>isa</key>
			<string>PBXFrameworksBuildPhase</string>
			<key>runOnlyForDeploymentPostprocessing</key>
			<string>0</string>
		</dict>
		<key>2C2ACA8416EE2453001E333A</key>
		<dict>
			<key>buildActionMask</key>
			<string>2147483647</string>
			<key>files</key>
			<array>
				<string>2C2ACA9316EE2453001E333A</string>
			</array>
			<key>isa</key>
			<string>PBXResourcesBuildPhase</string>
			<key>runOnlyForDeploymentPostprocessing</key>
			<string>0</string>
		</dict>
		<key>2C2ACA8516EE2453001E333A</key>
		<dict>
			<key>buildActionMask</key>
			<string>2147483647</string>
			<key>files</key>
			<array/>
			<key>inputPaths</key>
			<array/>
			<key>isa</key>
			<string>PBXShellScriptBuildPhase</string>
			<key>outputPaths</key>
			<array/>
			<key>runOnlyForDeploymentPostprocessing</key>
			<string>0</string>
			<key>shellPath</key>
			<string>/bin/sh</string>
			<key>shellScript</key>
			<string># Run the unit tests in this test bundle.
"${SYSTEM_DEVELOPER_DIR}/Tools/RunUnitTests"
</string>
		</dict>
		<key>2C2ACA8616EE2453001E333A</key>
		<dict>
			<key>buildConfigurationList</key>
			<string>2C2ACA9C16EE2453001E333A</string>
			<key>buildPhases</key>
			<array>
				<string>2C2ACA8216EE2453001E333A</string>
				<string>2C2ACA8316EE2453001E333A</string>
				<string>2C2ACA8416EE2453001E333A</string>
				<string>2C2ACA8516EE2453001E333A</string>
			</array>
			<key>buildRules</key>
			<array/>
			<key>dependencies</key>
			<array>
				<string>2C2ACA8D16EE2453001E333A</string>
			</array>
			<key>isa</key>
			<string>PBXNativeTarget</string>
			<key>name</key>
			<string>geotrackerTests</string>
			<key>productName</key>
			<string>geotrackerTests</string>
			<key>productReference</key>
			<string>2C2ACA8716EE2453001E333A</string>
			<key>productType</key>
			<string>com.apple.product-type.bundle</string>
		</dict>
		<key>2C2ACA8716EE2453001E333A</key>
		<dict>
			<key>explicitFileType</key>
			<string>wrapper.cfbundle</string>
			<key>includeInIndex</key>
			<string>0</string>
			<key>isa</key>
			<string>PBXFileReference</string>
			<key>path</key>
			<string>geotrackerTests.octest</string>
			<key>sourceTree</key>
			<string>BUILT_PRODUCTS_DIR</string>
		</dict>
		<key>2C2ACA8816EE2453001E333A</key>
		<dict>
			<key>isa</key>
			<string>PBXFileReference</string>
			<key>lastKnownFileType</key>
			<string>wrapper.framework</string>
			<key>name</key>
			<string>SenTestingKit.framework</string>
			<key>path</key>
			<string>Library/Frameworks/SenTestingKit.framework</string>
			<key>sourceTree</key>
			<string>DEVELOPER_DIR</string>
		</dict>
		<key>2C2ACA8916EE2453001E333A</key>
		<dict>
			<key>fileRef</key>
			<string>2C2ACA8816EE2453001E333A</string>
			<key>isa</key>
			<string>PBXBuildFile</string>
		</dict>
		<key>2C2ACA8A16EE2453001E333A</key>
		<dict>
			<key>fileRef</key>
			<string>2C2ACA6116EE2453001E333A</string>
			<key>isa</key>
			<string>PBXBuildFile</string>
		</dict>
		<key>2C2ACA8B16EE2453001E333A</key>
		<dict>
			<key>fileRef</key>
			<string>2C2ACA6316EE2453001E333A</string>
			<key>isa</key>
			<string>PBXBuildFile</string>
		</dict>
		<key>2C2ACA8C16EE2453001E333A</key>
		<dict>
			<key>containerPortal</key>
			<string>2C2ACA5416EE2453001E333A</string>
			<key>isa</key>
			<string>PBXContainerItemProxy</string>
			<key>proxyType</key>
			<string>1</string>
			<key>remoteGlobalIDString</key>
			<string>2C2ACA5C16EE2453001E333A</string>
			<key>remoteInfo</key>
			<string>geotracker</string>
		</dict>
		<key>2C2ACA8D16EE2453001E333A</key>
		<dict>
			<key>isa</key>
			<string>PBXTargetDependency</string>
			<key>target</key>
			<string>2C2ACA5C16EE2453001E333A</string>
			<key>targetProxy</key>
			<string>2C2ACA8C16EE2453001E333A</string>
		</dict>
		<key>2C2ACA8E16EE2453001E333A</key>
		<dict>
			<key>children</key>
			<array>
				<string>2C2ACA9416EE2453001E333A</string>
				<string>2C2ACA9516EE2453001E333A</string>
				<string>2C2ACA8F16EE2453001E333A</string>
			</array>
			<key>isa</key>
			<string>PBXGroup</string>
			<key>path</key>
			<string>geotrackerTests</string>
			<key>sourceTree</key>
			<string>&lt;group&gt;</string>
		</dict>
		<key>2C2ACA8F16EE2453001E333A</key>
		<dict>
			<key>children</key>
			<array>
				<string>2C2ACA9016EE2453001E333A</string>
				<string>2C2ACA9116EE2453001E333A</string>
			</array>
			<key>isa</key>
			<string>PBXGroup</string>
			<key>name</key>
			<string>Supporting Files</string>
			<key>sourceTree</key>
			<string>&lt;group&gt;</string>
		</dict>
		<key>2C2ACA9016EE2453001E333A</key>
		<dict>
			<key>isa</key>
			<string>PBXFileReference</string>
			<key>lastKnownFileType</key>
			<string>text.plist.xml</string>
			<key>path</key>
			<string>geotrackerTests-Info.plist</string>
			<key>sourceTree</key>
			<string>&lt;group&gt;</string>
		</dict>
		<key>2C2ACA9116EE2453001E333A</key>
		<dict>
			<key>children</key>
			<array>
				<string>2C2ACA9216EE2453001E333A</string>
			</array>
			<key>isa</key>
			<string>PBXVariantGroup</string>
			<key>name</key>
			<string>InfoPlist.strings</string>
			<key>sourceTree</key>
			<string>&lt;group&gt;</string>
		</dict>
		<key>2C2ACA9216EE2453001E333A</key>
		<dict>
			<key>isa</key>
			<string>PBXFileReference</string>
			<key>lastKnownFileType</key>
			<string>text.plist.strings</string>
			<key>name</key>
			<string>en</string>
			<key>path</key>
			<string>en.lproj/InfoPlist.strings</string>
			<key>sourceTree</key>
			<string>&lt;group&gt;</string>
		</dict>
		<key>2C2ACA9316EE2453001E333A</key>
		<dict>
			<key>fileRef</key>
			<string>2C2ACA9116EE2453001E333A</string>
			<key>isa</key>
			<string>PBXBuildFile</string>
		</dict>
		<key>2C2ACA9416EE2453001E333A</key>
		<dict>
			<key>isa</key>
			<string>PBXFileReference</string>
			<key>lastKnownFileType</key>
			<string>sourcecode.c.h</string>
			<key>path</key>
			<string>geotrackerTests.h</string>
			<key>sourceTree</key>
			<string>&lt;group&gt;</string>
		</dict>
		<key>2C2ACA9516EE2453001E333A</key>
		<dict>
			<key>isa</key>
			<string>PBXFileReference</string>
			<key>lastKnownFileType</key>
			<string>sourcecode.c.objc</string>
			<key>path</key>
			<string>geotrackerTests.m</string>
			<key>sourceTree</key>
			<string>&lt;group&gt;</string>
		</dict>
		<key>2C2ACA9616EE2453001E333A</key>
		<dict>
			<key>fileRef</key>
			<string>2C2ACA9516EE2453001E333A</string>
			<key>isa</key>
			<string>PBXBuildFile</string>
		</dict>
		<key>2C2ACA9716EE2453001E333A</key>
		<dict>
			<key>buildSettings</key>
			<dict>
				<key>ALWAYS_SEARCH_USER_PATHS</key>
				<string>NO</string>
				<key>CLANG_CXX_LANGUAGE_STANDARD</key>
				<string>gnu++0x</string>
				<key>CLANG_CXX_LIBRARY</key>
				<string>libc++</string>
				<key>CLANG_ENABLE_OBJC_ARC</key>
				<string>YES</string>
				<key>CLANG_WARN_EMPTY_BODY</key>
				<string>YES</string>
				<key>CLANG_WARN__DUPLICATE_METHOD_MATCH</key>
				<string>YES</string>
				<key>CODE_SIGN_IDENTITY</key>
				<string></string>
				<key>CODE_SIGN_IDENTITY[sdk=iphoneos*]</key>
				<string>iPhone Developer: Maxim Grigoriev (EGCA96UMAG)</string>
				<key>COPY_PHASE_STRIP</key>
				<string>NO</string>
				<key>GCC_C_LANGUAGE_STANDARD</key>
				<string>gnu99</string>
				<key>GCC_DYNAMIC_NO_PIC</key>
				<string>NO</string>
				<key>GCC_OPTIMIZATION_LEVEL</key>
				<string>0</string>
				<key>GCC_PREPROCESSOR_DEFINITIONS</key>
				<array>
					<string>DEBUG=1</string>
					<string>$(inherited)</string>
				</array>
				<key>GCC_SYMBOLS_PRIVATE_EXTERN</key>
				<string>NO</string>
				<key>GCC_WARN_ABOUT_RETURN_TYPE</key>
				<string>YES</string>
				<key>GCC_WARN_UNINITIALIZED_AUTOS</key>
				<string>YES</string>
				<key>GCC_WARN_UNUSED_VARIABLE</key>
				<string>YES</string>
				<key>IPHONEOS_DEPLOYMENT_TARGET</key>
				<string>6.0</string>
				<key>ONLY_ACTIVE_ARCH</key>
				<string>YES</string>
				<key>PROVISIONING_PROFILE[sdk=iphoneos*]</key>
				<string>B9BD3F64-5584-4DDA-982E-6F5EFF90C3E7</string>
				<key>SDKROOT</key>
				<string>iphoneos</string>
				<key>TARGETED_DEVICE_FAMILY</key>
				<string>1,2</string>
			</dict>
			<key>isa</key>
			<string>XCBuildConfiguration</string>
			<key>name</key>
			<string>Debug</string>
		</dict>
		<key>2C2ACA9816EE2453001E333A</key>
		<dict>
			<key>buildSettings</key>
			<dict>
				<key>ALWAYS_SEARCH_USER_PATHS</key>
				<string>NO</string>
				<key>CLANG_CXX_LANGUAGE_STANDARD</key>
				<string>gnu++0x</string>
				<key>CLANG_CXX_LIBRARY</key>
				<string>libc++</string>
				<key>CLANG_ENABLE_OBJC_ARC</key>
				<string>YES</string>
				<key>CLANG_WARN_EMPTY_BODY</key>
				<string>YES</string>
				<key>CLANG_WARN__DUPLICATE_METHOD_MATCH</key>
				<string>YES</string>
				<key>CODE_SIGN_IDENTITY</key>
				<string></string>
				<key>CODE_SIGN_IDENTITY[sdk=iphoneos*]</key>
				<string>iPhone Developer: Maxim Grigoriev (EGCA96UMAG)</string>
				<key>COPY_PHASE_STRIP</key>
				<string>YES</string>
				<key>GCC_C_LANGUAGE_STANDARD</key>
				<string>gnu99</string>
				<key>GCC_WARN_ABOUT_RETURN_TYPE</key>
				<string>YES</string>
				<key>GCC_WARN_UNINITIALIZED_AUTOS</key>
				<string>YES</string>
				<key>GCC_WARN_UNUSED_VARIABLE</key>
				<string>YES</string>
				<key>IPHONEOS_DEPLOYMENT_TARGET</key>
				<string>6.0</string>
				<key>OTHER_CFLAGS</key>
				<string>-DNS_BLOCK_ASSERTIONS=1</string>
				<key>PROVISIONING_PROFILE[sdk=iphoneos*]</key>
				<string>B9BD3F64-5584-4DDA-982E-6F5EFF90C3E7</string>
				<key>SDKROOT</key>
				<string>iphoneos</string>
				<key>TARGETED_DEVICE_FAMILY</key>
				<string>1,2</string>
				<key>VALIDATE_PRODUCT</key>
				<string>YES</string>
			</dict>
			<key>isa</key>
			<string>XCBuildConfiguration</string>
			<key>name</key>
			<string>Release</string>
		</dict>
		<key>2C2ACA9916EE2453001E333A</key>
		<dict>
			<key>buildConfigurations</key>
			<array>
				<string>2C2ACA9A16EE2453001E333A</string>
				<string>2C2ACA9B16EE2453001E333A</string>
			</array>
			<key>defaultConfigurationIsVisible</key>
			<string>0</string>
			<key>defaultConfigurationName</key>
			<string>Release</string>
			<key>isa</key>
			<string>XCConfigurationList</string>
		</dict>
		<key>2C2ACA9A16EE2453001E333A</key>
		<dict>
			<key>baseConfigurationReference</key>
			<string>BBA5B27B7C6843118778AB96</string>
			<key>buildSettings</key>
			<dict>
				<key>GCC_PRECOMPILE_PREFIX_HEADER</key>
				<string>YES</string>
				<key>GCC_PREFIX_HEADER</key>
				<string>geotracker/geotracker-Prefix.pch</string>
				<key>INFOPLIST_FILE</key>
				<string>geotracker/geotracker-Info.plist</string>
				<key>PRODUCT_NAME</key>
				<string>$(TARGET_NAME)</string>
				<key>WRAPPER_EXTENSION</key>
				<string>app</string>
			</dict>
			<key>isa</key>
			<string>XCBuildConfiguration</string>
			<key>name</key>
			<string>Debug</string>
		</dict>
		<key>2C2ACA9B16EE2453001E333A</key>
		<dict>
			<key>baseConfigurationReference</key>
			<string>BBA5B27B7C6843118778AB96</string>
			<key>buildSettings</key>
			<dict>
				<key>GCC_PRECOMPILE_PREFIX_HEADER</key>
				<string>YES</string>
				<key>GCC_PREFIX_HEADER</key>
				<string>geotracker/geotracker-Prefix.pch</string>
				<key>INFOPLIST_FILE</key>
				<string>geotracker/geotracker-Info.plist</string>
				<key>PRODUCT_NAME</key>
				<string>$(TARGET_NAME)</string>
				<key>WRAPPER_EXTENSION</key>
				<string>app</string>
			</dict>
			<key>isa</key>
			<string>XCBuildConfiguration</string>
			<key>name</key>
			<string>Release</string>
		</dict>
		<key>2C2ACA9C16EE2453001E333A</key>
		<dict>
			<key>buildConfigurations</key>
			<array>
				<string>2C2ACA9D16EE2453001E333A</string>
				<string>2C2ACA9E16EE2453001E333A</string>
			</array>
			<key>defaultConfigurationIsVisible</key>
			<string>0</string>
			<key>defaultConfigurationName</key>
			<string>Release</string>
			<key>isa</key>
			<string>XCConfigurationList</string>
		</dict>
		<key>2C2ACA9D16EE2453001E333A</key>
		<dict>
			<key>buildSettings</key>
			<dict>
				<key>BUNDLE_LOADER</key>
				<string>$(BUILT_PRODUCTS_DIR)/geotracker.app/geotracker</string>
				<key>FRAMEWORK_SEARCH_PATHS</key>
				<array>
					<string>"$(SDKROOT)/Developer/Library/Frameworks"</string>
					<string>"$(DEVELOPER_LIBRARY_DIR)/Frameworks"</string>
				</array>
				<key>GCC_PRECOMPILE_PREFIX_HEADER</key>
				<string>YES</string>
				<key>GCC_PREFIX_HEADER</key>
				<string>geotracker/geotracker-Prefix.pch</string>
				<key>INFOPLIST_FILE</key>
				<string>geotrackerTests/geotrackerTests-Info.plist</string>
				<key>PRODUCT_NAME</key>
				<string>$(TARGET_NAME)</string>
				<key>TEST_HOST</key>
				<string>$(BUNDLE_LOADER)</string>
				<key>WRAPPER_EXTENSION</key>
				<string>octest</string>
			</dict>
			<key>isa</key>
			<string>XCBuildConfiguration</string>
			<key>name</key>
			<string>Debug</string>
		</dict>
		<key>2C2ACA9E16EE2453001E333A</key>
		<dict>
			<key>buildSettings</key>
			<dict>
				<key>BUNDLE_LOADER</key>
				<string>$(BUILT_PRODUCTS_DIR)/geotracker.app/geotracker</string>
				<key>FRAMEWORK_SEARCH_PATHS</key>
				<array>
					<string>"$(SDKROOT)/Developer/Library/Frameworks"</string>
					<string>"$(DEVELOPER_LIBRARY_DIR)/Frameworks"</string>
				</array>
				<key>GCC_PRECOMPILE_PREFIX_HEADER</key>
				<string>YES</string>
				<key>GCC_PREFIX_HEADER</key>
				<string>geotracker/geotracker-Prefix.pch</string>
				<key>INFOPLIST_FILE</key>
				<string>geotrackerTests/geotrackerTests-Info.plist</string>
				<key>PRODUCT_NAME</key>
				<string>$(TARGET_NAME)</string>
				<key>TEST_HOST</key>
				<string>$(BUNDLE_LOADER)</string>
				<key>WRAPPER_EXTENSION</key>
				<string>octest</string>
			</dict>
			<key>isa</key>
			<string>XCBuildConfiguration</string>
			<key>name</key>
			<string>Release</string>
		</dict>
		<key>2C2ACA9F16EE24A0001E333A</key>
		<dict>
			<key>children</key>
			<array>
				<string>2C2CB56A16FF44DC00D682C5</string>
				<string>2C2CB56616FF3F1600D682C5</string>
				<string>2C187A451715371600F6EFF9</string>
				<string>2C187A461715371600F6EFF9</string>
				<string>2C2ACAA016EE24E5001E333A</string>
				<string>2C2ACAA116EE24E5001E333A</string>
				<string>2C2ACAA316EE24F4001E333A</string>
				<string>2C2ACAA416EE24F4001E333A</string>
				<string>2C2ACAA616EE2719001E333A</string>
				<string>2C2ACAA716EE2719001E333A</string>
				<string>2C103A4C17004F3A00BC46B4</string>
				<string>2C103A4D17004F3A00BC46B4</string>
				<string>2C2ACAA916EE2741001E333A</string>
				<string>2C2ACAAA16EE2741001E333A</string>
				<string>2C2ACAAC16EE2762001E333A</string>
				<string>2C2ACAAD16EE2762001E333A</string>
				<string>2C3B88AC170C547B0045EC6D</string>
				<string>2C3B88AD170C547B0045EC6D</string>
				<string>2CE75FBF170C630600807B27</string>
				<string>2CE75FC0170C630600807B27</string>
				<string>2C181325170F054F00A36CBB</string>
				<string>2C181326170F054F00A36CBB</string>
				<string>2C1879EA17106D7100F6EFF9</string>
				<string>2C1879EB17106D7100F6EFF9</string>
				<string>2CE75FC8170DB98F00807B27</string>
				<string>2CE75FC9170DB98F00807B27</string>
				<string>2C1813331710116A00A36CBB</string>
				<string>2C1813341710116A00A36CBB</string>
				<string>2CE75FCB170DBBA400807B27</string>
				<string>2CE75FCC170DBBA400807B27</string>
			</array>
			<key>isa</key>
			<string>PBXGroup</string>
			<key>name</key>
			<string>Classes</string>
			<key>path</key>
			<string>geotracker/Classes</string>
			<key>sourceTree</key>
			<string>SOURCE_ROOT</string>
		</dict>
		<key>2C2ACAA016EE24E5001E333A</key>
		<dict>
			<key>fileEncoding</key>
			<string>4</string>
			<key>isa</key>
			<string>PBXFileReference</string>
			<key>lastKnownFileType</key>
			<string>sourcecode.c.h</string>
			<key>path</key>
			<string>STSessionManager.h</string>
			<key>sourceTree</key>
			<string>&lt;group&gt;</string>
		</dict>
		<key>2C2ACAA116EE24E5001E333A</key>
		<dict>
			<key>fileEncoding</key>
			<string>4</string>
			<key>isa</key>
			<string>PBXFileReference</string>
			<key>lastKnownFileType</key>
			<string>sourcecode.c.objc</string>
			<key>path</key>
			<string>STSessionManager.m</string>
			<key>sourceTree</key>
			<string>&lt;group&gt;</string>
		</dict>
		<key>2C2ACAA216EE24E5001E333A</key>
		<dict>
			<key>fileRef</key>
			<string>2C2ACAA116EE24E5001E333A</string>
			<key>isa</key>
			<string>PBXBuildFile</string>
		</dict>
		<key>2C2ACAA316EE24F4001E333A</key>
		<dict>
			<key>fileEncoding</key>
			<string>4</string>
			<key>isa</key>
			<string>PBXFileReference</string>
			<key>lastKnownFileType</key>
			<string>sourcecode.c.h</string>
			<key>path</key>
			<string>STSession.h</string>
			<key>sourceTree</key>
			<string>&lt;group&gt;</string>
		</dict>
		<key>2C2ACAA416EE24F4001E333A</key>
		<dict>
			<key>fileEncoding</key>
			<string>4</string>
			<key>isa</key>
			<string>PBXFileReference</string>
			<key>lastKnownFileType</key>
			<string>sourcecode.c.objc</string>
			<key>path</key>
			<string>STSession.m</string>
			<key>sourceTree</key>
			<string>&lt;group&gt;</string>
		</dict>
		<key>2C2ACAA516EE24F4001E333A</key>
		<dict>
			<key>fileRef</key>
			<string>2C2ACAA416EE24F4001E333A</string>
			<key>isa</key>
			<string>PBXBuildFile</string>
		</dict>
		<key>2C2ACAA616EE2719001E333A</key>
		<dict>
			<key>fileEncoding</key>
			<string>4</string>
			<key>isa</key>
			<string>PBXFileReference</string>
			<key>lastKnownFileType</key>
			<string>sourcecode.c.h</string>
			<key>path</key>
			<string>STManagedDocument.h</string>
			<key>sourceTree</key>
			<string>&lt;group&gt;</string>
		</dict>
		<key>2C2ACAA716EE2719001E333A</key>
		<dict>
			<key>fileEncoding</key>
			<string>4</string>
			<key>isa</key>
			<string>PBXFileReference</string>
			<key>lastKnownFileType</key>
			<string>sourcecode.c.objc</string>
			<key>path</key>
			<string>STManagedDocument.m</string>
			<key>sourceTree</key>
			<string>&lt;group&gt;</string>
		</dict>
		<key>2C2ACAA816EE2719001E333A</key>
		<dict>
			<key>fileRef</key>
			<string>2C2ACAA716EE2719001E333A</string>
			<key>isa</key>
			<string>PBXBuildFile</string>
		</dict>
		<key>2C2ACAA916EE2741001E333A</key>
		<dict>
			<key>fileEncoding</key>
			<string>4</string>
			<key>isa</key>
			<string>PBXFileReference</string>
			<key>lastKnownFileType</key>
			<string>sourcecode.c.h</string>
			<key>path</key>
			<string>STSyncer.h</string>
			<key>sourceTree</key>
			<string>&lt;group&gt;</string>
		</dict>
		<key>2C2ACAAA16EE2741001E333A</key>
		<dict>
			<key>fileEncoding</key>
			<string>4</string>
			<key>isa</key>
			<string>PBXFileReference</string>
			<key>lastKnownFileType</key>
			<string>sourcecode.c.objc</string>
			<key>path</key>
			<string>STSyncer.m</string>
			<key>sourceTree</key>
			<string>&lt;group&gt;</string>
		</dict>
		<key>2C2ACAAB16EE2741001E333A</key>
		<dict>
			<key>fileRef</key>
			<string>2C2ACAAA16EE2741001E333A</string>
			<key>isa</key>
			<string>PBXBuildFile</string>
		</dict>
		<key>2C2ACAAC16EE2762001E333A</key>
		<dict>
			<key>fileEncoding</key>
			<string>4</string>
			<key>isa</key>
			<string>PBXFileReference</string>
			<key>lastKnownFileType</key>
			<string>sourcecode.c.h</string>
			<key>path</key>
			<string>STGTTracker.h</string>
			<key>sourceTree</key>
			<string>&lt;group&gt;</string>
		</dict>
		<key>2C2ACAAD16EE2762001E333A</key>
		<dict>
			<key>fileEncoding</key>
			<string>4</string>
			<key>isa</key>
			<string>PBXFileReference</string>
			<key>lastKnownFileType</key>
			<string>sourcecode.c.objc</string>
			<key>path</key>
			<string>STGTTracker.m</string>
			<key>sourceTree</key>
			<string>&lt;group&gt;</string>
		</dict>
		<key>2C2ACAAE16EE2762001E333A</key>
		<dict>
			<key>fileRef</key>
			<string>2C2ACAAD16EE2762001E333A</string>
			<key>isa</key>
			<string>PBXBuildFile</string>
		</dict>
		<key>2C2CB56316FF3D6600D682C5</key>
		<dict>
			<key>isa</key>
			<string>PBXFileReference</string>
			<key>lastKnownFileType</key>
			<string>sourcecode.c.h</string>
			<key>path</key>
			<string>STSessionManagement.h</string>
			<key>sourceTree</key>
			<string>&lt;group&gt;</string>
		</dict>
		<key>2C2CB56516FF3EAA00D682C5</key>
		<dict>
			<key>fileEncoding</key>
			<string>4</string>
			<key>isa</key>
			<string>PBXFileReference</string>
			<key>lastKnownFileType</key>
			<string>sourcecode.c.h</string>
			<key>path</key>
			<string>STRequestAuthenticatable.h</string>
			<key>sourceTree</key>
			<string>&lt;group&gt;</string>
		</dict>
		<key>2C2CB56616FF3F1600D682C5</key>
		<dict>
			<key>children</key>
			<array>
				<string>2C2CB56516FF3EAA00D682C5</string>
				<string>2C2CB56316FF3D6600D682C5</string>
			</array>
			<key>isa</key>
			<string>PBXGroup</string>
			<key>path</key>
			<string>Protocols</string>
			<key>sourceTree</key>
			<string>&lt;group&gt;</string>
		</dict>
		<key>2C2CB56A16FF44DC00D682C5</key>
		<dict>
			<key>children</key>
			<array>
				<string>2C103A2416FF452100BC46B4</string>
				<string>2C1879E617106D3600F6EFF9</string>
				<string>2C1879E717106D3600F6EFF9</string>
				<string>2CA12905170B23E700FBD8F3</string>
				<string>2CA12906170B23E700FBD8F3</string>
				<string>2CA12902170B23E700FBD8F3</string>
				<string>2CA12903170B23E700FBD8F3</string>
				<string>2CA128FF170B23E600FBD8F3</string>
				<string>2CA12900170B23E700FBD8F3</string>
				<string>2CA128FC170B23E600FBD8F3</string>
				<string>2CA128FD170B23E600FBD8F3</string>
				<string>2CA128F9170B23E600FBD8F3</string>
				<string>2CA128FA170B23E600FBD8F3</string>
				<string>2C181328170F06F900A36CBB</string>
				<string>2C181329170F06F900A36CBB</string>
				<string>2CA128F6170B23E600FBD8F3</string>
				<string>2CA128F7170B23E600FBD8F3</string>
				<string>2CA128F3170B23E600FBD8F3</string>
				<string>2CA128F4170B23E600FBD8F3</string>
				<string>2CA128F0170B23E600FBD8F3</string>
				<string>2CA128F1170B23E600FBD8F3</string>
				<string>2CA128ED170B23E500FBD8F3</string>
				<string>2CA128EE170B23E500FBD8F3</string>
				<string>2CA128EA170B23E500FBD8F3</string>
				<string>2CA128EB170B23E500FBD8F3</string>
				<string>2CA128E7170B23E500FBD8F3</string>
				<string>2CA128E8170B23E500FBD8F3</string>
				<string>2CA128E4170B23E500FBD8F3</string>
				<string>2CA128E5170B23E500FBD8F3</string>
				<string>2CA1286B1709C88200FBD8F3</string>
				<string>2CA1286C1709C88200FBD8F3</string>
			</array>
			<key>isa</key>
			<string>PBXGroup</string>
			<key>path</key>
			<string>DataModel</string>
			<key>sourceTree</key>
			<string>&lt;group&gt;</string>
		</dict>
		<key>2C3B88AC170C547B0045EC6D</key>
		<dict>
			<key>fileEncoding</key>
			<string>4</string>
			<key>isa</key>
			<string>PBXFileReference</string>
			<key>lastKnownFileType</key>
			<string>sourcecode.c.h</string>
			<key>path</key>
			<string>STGTLocationTracker.h</string>
			<key>sourceTree</key>
			<string>&lt;group&gt;</string>
		</dict>
		<key>2C3B88AD170C547B0045EC6D</key>
		<dict>
			<key>fileEncoding</key>
			<string>4</string>
			<key>isa</key>
			<string>PBXFileReference</string>
			<key>lastKnownFileType</key>
			<string>sourcecode.c.objc</string>
			<key>path</key>
			<string>STGTLocationTracker.m</string>
			<key>sourceTree</key>
			<string>&lt;group&gt;</string>
		</dict>
		<key>2C3B88AE170C547B0045EC6D</key>
		<dict>
			<key>fileRef</key>
			<string>2C3B88AD170C547B0045EC6D</string>
			<key>isa</key>
			<string>PBXBuildFile</string>
		</dict>
		<key>2CA1286B1709C88200FBD8F3</key>
		<dict>
			<key>fileEncoding</key>
			<string>4</string>
			<key>isa</key>
			<string>PBXFileReference</string>
			<key>lastKnownFileType</key>
			<string>sourcecode.c.h</string>
			<key>path</key>
			<string>STGTDatum+Init.h</string>
			<key>sourceTree</key>
			<string>&lt;group&gt;</string>
		</dict>
		<key>2CA1286C1709C88200FBD8F3</key>
		<dict>
			<key>fileEncoding</key>
			<string>4</string>
			<key>isa</key>
			<string>PBXFileReference</string>
			<key>lastKnownFileType</key>
			<string>sourcecode.c.objc</string>
			<key>path</key>
			<string>STGTDatum+Init.m</string>
			<key>sourceTree</key>
			<string>&lt;group&gt;</string>
		</dict>
		<key>2CA1286D1709C88200FBD8F3</key>
		<dict>
			<key>fileRef</key>
			<string>2CA1286C1709C88200FBD8F3</string>
			<key>isa</key>
			<string>PBXBuildFile</string>
		</dict>
		<key>2CA128E4170B23E500FBD8F3</key>
		<dict>
			<key>fileEncoding</key>
			<string>4</string>
			<key>isa</key>
			<string>PBXFileReference</string>
			<key>lastKnownFileType</key>
			<string>sourcecode.c.h</string>
			<key>path</key>
			<string>STGTSpotImage.h</string>
			<key>sourceTree</key>
			<string>&lt;group&gt;</string>
		</dict>
		<key>2CA128E5170B23E500FBD8F3</key>
		<dict>
			<key>fileEncoding</key>
			<string>4</string>
			<key>isa</key>
			<string>PBXFileReference</string>
			<key>lastKnownFileType</key>
			<string>sourcecode.c.objc</string>
			<key>path</key>
			<string>STGTSpotImage.m</string>
			<key>sourceTree</key>
			<string>&lt;group&gt;</string>
		</dict>
		<key>2CA128E6170B23E500FBD8F3</key>
		<dict>
			<key>fileRef</key>
			<string>2CA128E5170B23E500FBD8F3</string>
			<key>isa</key>
			<string>PBXBuildFile</string>
		</dict>
		<key>2CA128E7170B23E500FBD8F3</key>
		<dict>
			<key>fileEncoding</key>
			<string>4</string>
			<key>isa</key>
			<string>PBXFileReference</string>
			<key>lastKnownFileType</key>
			<string>sourcecode.c.h</string>
			<key>path</key>
			<string>STGTDatum.h</string>
			<key>sourceTree</key>
			<string>&lt;group&gt;</string>
		</dict>
		<key>2CA128E8170B23E500FBD8F3</key>
		<dict>
			<key>fileEncoding</key>
			<string>4</string>
			<key>isa</key>
			<string>PBXFileReference</string>
			<key>lastKnownFileType</key>
			<string>sourcecode.c.objc</string>
			<key>path</key>
			<string>STGTDatum.m</string>
			<key>sourceTree</key>
			<string>&lt;group&gt;</string>
		</dict>
		<key>2CA128E9170B23E500FBD8F3</key>
		<dict>
			<key>fileRef</key>
			<string>2CA128E8170B23E500FBD8F3</string>
			<key>isa</key>
			<string>PBXBuildFile</string>
		</dict>
		<key>2CA128EA170B23E500FBD8F3</key>
		<dict>
			<key>fileEncoding</key>
			<string>4</string>
			<key>isa</key>
			<string>PBXFileReference</string>
			<key>lastKnownFileType</key>
			<string>sourcecode.c.h</string>
			<key>path</key>
			<string>STGTNetwork.h</string>
			<key>sourceTree</key>
			<string>&lt;group&gt;</string>
		</dict>
		<key>2CA128EB170B23E500FBD8F3</key>
		<dict>
			<key>fileEncoding</key>
			<string>4</string>
			<key>isa</key>
			<string>PBXFileReference</string>
			<key>lastKnownFileType</key>
			<string>sourcecode.c.objc</string>
			<key>path</key>
			<string>STGTNetwork.m</string>
			<key>sourceTree</key>
			<string>&lt;group&gt;</string>
		</dict>
		<key>2CA128EC170B23E500FBD8F3</key>
		<dict>
			<key>fileRef</key>
			<string>2CA128EB170B23E500FBD8F3</string>
			<key>isa</key>
			<string>PBXBuildFile</string>
		</dict>
		<key>2CA128ED170B23E500FBD8F3</key>
		<dict>
			<key>fileEncoding</key>
			<string>4</string>
			<key>isa</key>
			<string>PBXFileReference</string>
			<key>lastKnownFileType</key>
			<string>sourcecode.c.h</string>
			<key>path</key>
			<string>STGTInterestImage.h</string>
			<key>sourceTree</key>
			<string>&lt;group&gt;</string>
		</dict>
		<key>2CA128EE170B23E500FBD8F3</key>
		<dict>
			<key>fileEncoding</key>
			<string>4</string>
			<key>isa</key>
			<string>PBXFileReference</string>
			<key>lastKnownFileType</key>
			<string>sourcecode.c.objc</string>
			<key>path</key>
			<string>STGTInterestImage.m</string>
			<key>sourceTree</key>
			<string>&lt;group&gt;</string>
		</dict>
		<key>2CA128EF170B23E500FBD8F3</key>
		<dict>
			<key>fileRef</key>
			<string>2CA128EE170B23E500FBD8F3</string>
			<key>isa</key>
			<string>PBXBuildFile</string>
		</dict>
		<key>2CA128F0170B23E600FBD8F3</key>
		<dict>
			<key>fileEncoding</key>
			<string>4</string>
			<key>isa</key>
			<string>PBXFileReference</string>
			<key>lastKnownFileType</key>
			<string>sourcecode.c.h</string>
			<key>path</key>
			<string>STGTLocation.h</string>
			<key>sourceTree</key>
			<string>&lt;group&gt;</string>
		</dict>
		<key>2CA128F1170B23E600FBD8F3</key>
		<dict>
			<key>fileEncoding</key>
			<string>4</string>
			<key>isa</key>
			<string>PBXFileReference</string>
			<key>lastKnownFileType</key>
			<string>sourcecode.c.objc</string>
			<key>path</key>
			<string>STGTLocation.m</string>
			<key>sourceTree</key>
			<string>&lt;group&gt;</string>
		</dict>
		<key>2CA128F2170B23E600FBD8F3</key>
		<dict>
			<key>fileRef</key>
			<string>2CA128F1170B23E600FBD8F3</string>
			<key>isa</key>
			<string>PBXBuildFile</string>
		</dict>
		<key>2CA128F3170B23E600FBD8F3</key>
		<dict>
			<key>fileEncoding</key>
			<string>4</string>
			<key>isa</key>
			<string>PBXFileReference</string>
			<key>lastKnownFileType</key>
			<string>sourcecode.c.h</string>
			<key>path</key>
			<string>STGTImage.h</string>
			<key>sourceTree</key>
			<string>&lt;group&gt;</string>
		</dict>
		<key>2CA128F4170B23E600FBD8F3</key>
		<dict>
			<key>fileEncoding</key>
			<string>4</string>
			<key>isa</key>
			<string>PBXFileReference</string>
			<key>lastKnownFileType</key>
			<string>sourcecode.c.objc</string>
			<key>path</key>
			<string>STGTImage.m</string>
			<key>sourceTree</key>
			<string>&lt;group&gt;</string>
		</dict>
		<key>2CA128F5170B23E600FBD8F3</key>
		<dict>
			<key>fileRef</key>
			<string>2CA128F4170B23E600FBD8F3</string>
			<key>isa</key>
			<string>PBXBuildFile</string>
		</dict>
		<key>2CA128F6170B23E600FBD8F3</key>
		<dict>
			<key>fileEncoding</key>
			<string>4</string>
			<key>isa</key>
			<string>PBXFileReference</string>
			<key>lastKnownFileType</key>
			<string>sourcecode.c.h</string>
			<key>path</key>
			<string>STGTInterest.h</string>
			<key>sourceTree</key>
			<string>&lt;group&gt;</string>
		</dict>
		<key>2CA128F7170B23E600FBD8F3</key>
		<dict>
			<key>fileEncoding</key>
			<string>4</string>
			<key>isa</key>
			<string>PBXFileReference</string>
			<key>lastKnownFileType</key>
			<string>sourcecode.c.objc</string>
			<key>path</key>
			<string>STGTInterest.m</string>
			<key>sourceTree</key>
			<string>&lt;group&gt;</string>
		</dict>
		<key>2CA128F8170B23E600FBD8F3</key>
		<dict>
			<key>fileRef</key>
			<string>2CA128F7170B23E600FBD8F3</string>
			<key>isa</key>
			<string>PBXBuildFile</string>
		</dict>
		<key>2CA128F9170B23E600FBD8F3</key>
		<dict>
			<key>fileEncoding</key>
			<string>4</string>
			<key>isa</key>
			<string>PBXFileReference</string>
			<key>lastKnownFileType</key>
			<string>sourcecode.c.h</string>
			<key>path</key>
			<string>STGTTrack.h</string>
			<key>sourceTree</key>
			<string>&lt;group&gt;</string>
		</dict>
		<key>2CA128FA170B23E600FBD8F3</key>
		<dict>
			<key>fileEncoding</key>
			<string>4</string>
			<key>isa</key>
			<string>PBXFileReference</string>
			<key>lastKnownFileType</key>
			<string>sourcecode.c.objc</string>
			<key>path</key>
			<string>STGTTrack.m</string>
			<key>sourceTree</key>
			<string>&lt;group&gt;</string>
		</dict>
		<key>2CA128FB170B23E600FBD8F3</key>
		<dict>
			<key>fileRef</key>
			<string>2CA128FA170B23E600FBD8F3</string>
			<key>isa</key>
			<string>PBXBuildFile</string>
		</dict>
		<key>2CA128FC170B23E600FBD8F3</key>
		<dict>
			<key>fileEncoding</key>
			<string>4</string>
			<key>isa</key>
			<string>PBXFileReference</string>
			<key>lastKnownFileType</key>
			<string>sourcecode.c.h</string>
			<key>path</key>
			<string>STGTSpot.h</string>
			<key>sourceTree</key>
			<string>&lt;group&gt;</string>
		</dict>
		<key>2CA128FD170B23E600FBD8F3</key>
		<dict>
			<key>fileEncoding</key>
			<string>4</string>
			<key>isa</key>
			<string>PBXFileReference</string>
			<key>lastKnownFileType</key>
			<string>sourcecode.c.objc</string>
			<key>path</key>
			<string>STGTSpot.m</string>
			<key>sourceTree</key>
			<string>&lt;group&gt;</string>
		</dict>
		<key>2CA128FE170B23E600FBD8F3</key>
		<dict>
			<key>fileRef</key>
			<string>2CA128FD170B23E600FBD8F3</string>
			<key>isa</key>
			<string>PBXBuildFile</string>
		</dict>
		<key>2CA128FF170B23E600FBD8F3</key>
		<dict>
			<key>fileEncoding</key>
			<string>4</string>
			<key>isa</key>
			<string>PBXFileReference</string>
			<key>lastKnownFileType</key>
			<string>sourcecode.c.h</string>
			<key>path</key>
			<string>STGTNetworkImage.h</string>
			<key>sourceTree</key>
			<string>&lt;group&gt;</string>
		</dict>
		<key>2CA12900170B23E700FBD8F3</key>
		<dict>
			<key>fileEncoding</key>
			<string>4</string>
			<key>isa</key>
			<string>PBXFileReference</string>
			<key>lastKnownFileType</key>
			<string>sourcecode.c.objc</string>
			<key>path</key>
			<string>STGTNetworkImage.m</string>
			<key>sourceTree</key>
			<string>&lt;group&gt;</string>
		</dict>
		<key>2CA12901170B23E700FBD8F3</key>
		<dict>
			<key>fileRef</key>
			<string>2CA12900170B23E700FBD8F3</string>
			<key>isa</key>
			<string>PBXBuildFile</string>
		</dict>
		<key>2CA12902170B23E700FBD8F3</key>
		<dict>
			<key>fileEncoding</key>
			<string>4</string>
			<key>isa</key>
			<string>PBXFileReference</string>
			<key>lastKnownFileType</key>
			<string>sourcecode.c.h</string>
			<key>path</key>
			<string>STGTSettings.h</string>
			<key>sourceTree</key>
			<string>&lt;group&gt;</string>
		</dict>
		<key>2CA12903170B23E700FBD8F3</key>
		<dict>
			<key>fileEncoding</key>
			<string>4</string>
			<key>isa</key>
			<string>PBXFileReference</string>
			<key>lastKnownFileType</key>
			<string>sourcecode.c.objc</string>
			<key>path</key>
			<string>STGTSettings.m</string>
			<key>sourceTree</key>
			<string>&lt;group&gt;</string>
		</dict>
		<key>2CA12904170B23E700FBD8F3</key>
		<dict>
			<key>fileRef</key>
			<string>2CA12903170B23E700FBD8F3</string>
			<key>isa</key>
			<string>PBXBuildFile</string>
		</dict>
		<key>2CA12905170B23E700FBD8F3</key>
		<dict>
			<key>fileEncoding</key>
			<string>4</string>
			<key>isa</key>
			<string>PBXFileReference</string>
			<key>lastKnownFileType</key>
			<string>sourcecode.c.h</string>
			<key>path</key>
			<string>STGTBatteryStatus.h</string>
			<key>sourceTree</key>
			<string>&lt;group&gt;</string>
		</dict>
		<key>2CA12906170B23E700FBD8F3</key>
		<dict>
			<key>fileEncoding</key>
			<string>4</string>
			<key>isa</key>
			<string>PBXFileReference</string>
			<key>lastKnownFileType</key>
			<string>sourcecode.c.objc</string>
			<key>path</key>
			<string>STGTBatteryStatus.m</string>
			<key>sourceTree</key>
			<string>&lt;group&gt;</string>
		</dict>
		<key>2CA12907170B23E700FBD8F3</key>
		<dict>
			<key>fileRef</key>
			<string>2CA12906170B23E700FBD8F3</string>
			<key>isa</key>
			<string>PBXBuildFile</string>
		</dict>
		<key>2CE75FBF170C630600807B27</key>
		<dict>
			<key>fileEncoding</key>
			<string>4</string>
			<key>isa</key>
			<string>PBXFileReference</string>
			<key>lastKnownFileType</key>
			<string>sourcecode.c.h</string>
			<key>path</key>
			<string>STGTBatteryTracker.h</string>
			<key>sourceTree</key>
			<string>&lt;group&gt;</string>
		</dict>
		<key>2CE75FC0170C630600807B27</key>
		<dict>
			<key>fileEncoding</key>
			<string>4</string>
			<key>isa</key>
			<string>PBXFileReference</string>
			<key>lastKnownFileType</key>
			<string>sourcecode.c.objc</string>
			<key>path</key>
			<string>STGTBatteryTracker.m</string>
			<key>sourceTree</key>
			<string>&lt;group&gt;</string>
		</dict>
		<key>2CE75FC1170C630600807B27</key>
		<dict>
			<key>fileRef</key>
			<string>2CE75FC0170C630600807B27</string>
			<key>isa</key>
			<string>PBXBuildFile</string>
		</dict>
		<key>2CE75FC8170DB98F00807B27</key>
		<dict>
			<key>fileEncoding</key>
			<string>4</string>
			<key>isa</key>
			<string>PBXFileReference</string>
			<key>lastKnownFileType</key>
			<string>sourcecode.c.h</string>
			<key>path</key>
			<string>STGTMainViewController.h</string>
			<key>sourceTree</key>
			<string>&lt;group&gt;</string>
		</dict>
		<key>2CE75FC9170DB98F00807B27</key>
		<dict>
			<key>fileEncoding</key>
			<string>4</string>
			<key>isa</key>
			<string>PBXFileReference</string>
			<key>lastKnownFileType</key>
			<string>sourcecode.c.objc</string>
			<key>path</key>
			<string>STGTMainViewController.m</string>
			<key>sourceTree</key>
			<string>&lt;group&gt;</string>
		</dict>
		<key>2CE75FCA170DB98F00807B27</key>
		<dict>
			<key>fileRef</key>
			<string>2CE75FC9170DB98F00807B27</string>
			<key>isa</key>
			<string>PBXBuildFile</string>
		</dict>
		<key>2CE75FCB170DBBA400807B27</key>
		<dict>
			<key>fileEncoding</key>
			<string>4</string>
			<key>isa</key>
			<string>PBXFileReference</string>
			<key>lastKnownFileType</key>
			<string>sourcecode.c.h</string>
			<key>path</key>
			<string>STGTRoundedCornerView.h</string>
			<key>sourceTree</key>
			<string>&lt;group&gt;</string>
		</dict>
		<key>2CE75FCC170DBBA400807B27</key>
		<dict>
			<key>fileEncoding</key>
			<string>4</string>
			<key>isa</key>
			<string>PBXFileReference</string>
			<key>lastKnownFileType</key>
			<string>sourcecode.c.objc</string>
			<key>path</key>
			<string>STGTRoundedCornerView.m</string>
			<key>sourceTree</key>
			<string>&lt;group&gt;</string>
		</dict>
		<key>2CE75FCD170DBBA400807B27</key>
		<dict>
			<key>fileRef</key>
			<string>2CE75FCC170DBBA400807B27</string>
			<key>isa</key>
			<string>PBXBuildFile</string>
		</dict>
		<key>2CE75FCE170DBC1E00807B27</key>
		<dict>
			<key>isa</key>
			<string>PBXFileReference</string>
			<key>lastKnownFileType</key>
			<string>wrapper.framework</string>
			<key>name</key>
			<string>QuartzCore.framework</string>
			<key>path</key>
			<string>System/Library/Frameworks/QuartzCore.framework</string>
			<key>sourceTree</key>
			<string>SDKROOT</string>
		</dict>
		<key>2CE75FCF170DBC1E00807B27</key>
		<dict>
			<key>fileRef</key>
			<string>2CE75FCE170DBC1E00807B27</string>
			<key>isa</key>
			<string>PBXBuildFile</string>
		</dict>
		<key>2CE75FD0170DC79200807B27</key>
		<dict>
			<key>children</key>
			<array>
				<string>2C181331170F215D00A36CBB</string>
				<string>2C18131C170DD67C00A36CBB</string>
				<string>2C18131D170DD67C00A36CBB</string>
				<string>2C18131E170DD67C00A36CBB</string>
				<string>2C18131F170DD67C00A36CBB</string>
				<string>2CE75FE1170DD09A00807B27</string>
				<string>2CE75FDF170DCE3800807B27</string>
				<string>2CE75FDD170DCDC500807B27</string>
				<string>2CE75FDB170DCD3800807B27</string>
				<string>2CE75FD9170DCC0000807B27</string>
				<string>2CE75FD7170DCAED00807B27</string>
				<string>2CE75FD5170DCA4100807B27</string>
			</array>
			<key>isa</key>
			<string>PBXGroup</string>
			<key>path</key>
			<string>Resources</string>
			<key>sourceTree</key>
			<string>&lt;group&gt;</string>
		</dict>
		<key>2CE75FD5170DCA4100807B27</key>
		<dict>
			<key>isa</key>
			<string>PBXFileReference</string>
			<key>lastKnownFileType</key>
			<string>image.png</string>
			<key>path</key>
			<string>gear.png</string>
			<key>sourceTree</key>
			<string>&lt;group&gt;</string>
		</dict>
		<key>2CE75FD6170DCA4100807B27</key>
		<dict>
			<key>fileRef</key>
			<string>2CE75FD5170DCA4100807B27</string>
			<key>isa</key>
			<string>PBXBuildFile</string>
		</dict>
		<key>2CE75FD7170DCAED00807B27</key>
		<dict>
			<key>isa</key>
			<string>PBXFileReference</string>
			<key>lastKnownFileType</key>
			<string>image.png</string>
			<key>path</key>
			<string>spot.png</string>
			<key>sourceTree</key>
			<string>&lt;group&gt;</string>
		</dict>
		<key>2CE75FD8170DCAED00807B27</key>
		<dict>
			<key>fileRef</key>
			<string>2CE75FD7170DCAED00807B27</string>
			<key>isa</key>
			<string>PBXBuildFile</string>
		</dict>
		<key>2CE75FD9170DCC0000807B27</key>
		<dict>
			<key>isa</key>
			<string>PBXFileReference</string>
			<key>lastKnownFileType</key>
			<string>image.png</string>
			<key>path</key>
			<string>info.png</string>
			<key>sourceTree</key>
			<string>&lt;group&gt;</string>
		</dict>
		<key>2CE75FDA170DCC0000807B27</key>
		<dict>
			<key>fileRef</key>
			<string>2CE75FD9170DCC0000807B27</string>
			<key>isa</key>
			<string>PBXBuildFile</string>
		</dict>
		<key>2CE75FDB170DCD3800807B27</key>
		<dict>
			<key>isa</key>
			<string>PBXFileReference</string>
			<key>lastKnownFileType</key>
			<string>image.png</string>
			<key>path</key>
			<string>sync.png</string>
			<key>sourceTree</key>
			<string>&lt;group&gt;</string>
		</dict>
		<key>2CE75FDC170DCD3800807B27</key>
		<dict>
			<key>fileRef</key>
			<string>2CE75FDB170DCD3800807B27</string>
			<key>isa</key>
			<string>PBXBuildFile</string>
		</dict>
		<key>2CE75FDD170DCDC500807B27</key>
		<dict>
			<key>isa</key>
			<string>PBXFileReference</string>
			<key>lastKnownFileType</key>
			<string>image.png</string>
			<key>path</key>
			<string>start.png</string>
			<key>sourceTree</key>
			<string>&lt;group&gt;</string>
		</dict>
		<key>2CE75FDE170DCDC500807B27</key>
		<dict>
			<key>fileRef</key>
			<string>2CE75FDD170DCDC500807B27</string>
			<key>isa</key>
			<string>PBXBuildFile</string>
		</dict>
		<key>2CE75FDF170DCE3800807B27</key>
		<dict>
			<key>isa</key>
			<string>PBXFileReference</string>
			<key>lastKnownFileType</key>
			<string>image.png</string>
			<key>path</key>
			<string>pause.png</string>
			<key>sourceTree</key>
			<string>&lt;group&gt;</string>
		</dict>
		<key>2CE75FE0170DCE3800807B27</key>
		<dict>
			<key>fileRef</key>
			<string>2CE75FDF170DCE3800807B27</string>
			<key>isa</key>
			<string>PBXBuildFile</string>
		</dict>
		<key>2CE75FE1170DD09A00807B27</key>
		<dict>
			<key>isa</key>
			<string>PBXFileReference</string>
			<key>lastKnownFileType</key>
			<string>image.png</string>
			<key>path</key>
			<string>log.png</string>
			<key>sourceTree</key>
			<string>&lt;group&gt;</string>
		</dict>
		<key>2CE75FE2170DD09A00807B27</key>
		<dict>
			<key>fileRef</key>
			<string>2CE75FE1170DD09A00807B27</string>
			<key>isa</key>
			<string>PBXBuildFile</string>
		</dict>
		<key>BBA5B27B7C6843118778AB96</key>
		<dict>
			<key>includeInIndex</key>
			<string>1</string>
			<key>isa</key>
			<string>PBXFileReference</string>
			<key>lastKnownFileType</key>
			<string>text.xcconfig</string>
			<key>name</key>
			<string>Pods.xcconfig</string>
			<key>path</key>
			<string>Pods/Pods.xcconfig</string>
			<key>sourceTree</key>
			<string>SOURCE_ROOT</string>
		</dict>
		<key>BD88DF6D72214ABDAF8BF807</key>
		<dict>
			<key>buildActionMask</key>
			<string>2147483647</string>
			<key>files</key>
			<array/>
			<key>inputPaths</key>
			<array/>
			<key>isa</key>
			<string>PBXShellScriptBuildPhase</string>
			<key>name</key>
			<string>Check Pods Manifest.lock</string>
			<key>outputPaths</key>
			<array/>
			<key>runOnlyForDeploymentPostprocessing</key>
			<string>0</string>
			<key>shellPath</key>
			<string>/bin/sh</string>
			<key>shellScript</key>
			<string>diff "${PODS_ROOT}/../Podfile.lock" "${PODS_ROOT}/Manifest.lock" &gt; /dev/null
if [[ $? != 0 ]] ; then
    cat &lt;&lt; EOM
error: The sanbox is not in sync with the Podfile.lock. Run 'pod install'.
EOM
    exit 1
fi
</string>
			<key>showEnvVarsInLog</key>
			<string>1</string>
		</dict>
		<key>C6A9C433F3F845408B72D25C</key>
		<dict>
			<key>explicitFileType</key>
			<string>archive.ar</string>
			<key>includeInIndex</key>
			<string>0</string>
			<key>isa</key>
			<string>PBXFileReference</string>
			<key>name</key>
			<string>libPods.a</string>
			<key>path</key>
			<string>libPods.a</string>
			<key>sourceTree</key>
			<string>BUILT_PRODUCTS_DIR</string>
		</dict>
		<key>DD12C00A464143099A44997E</key>
		<dict>
			<key>buildActionMask</key>
			<string>2147483647</string>
			<key>files</key>
			<array/>
			<key>inputPaths</key>
			<array/>
			<key>isa</key>
			<string>PBXShellScriptBuildPhase</string>
			<key>name</key>
			<string>Copy Pods Resources</string>
			<key>outputPaths</key>
			<array/>
			<key>runOnlyForDeploymentPostprocessing</key>
			<string>0</string>
			<key>shellPath</key>
			<string>/bin/sh</string>
			<key>shellScript</key>
			<string>"${SRCROOT}/Pods/Pods-resources.sh"
</string>
			<key>showEnvVarsInLog</key>
			<string>1</string>
		</dict>
		<key>F4AE3459BCAB4E33A98DFC8A</key>
		<dict>
			<key>fileRef</key>
			<string>C6A9C433F3F845408B72D25C</string>
			<key>isa</key>
			<string>PBXBuildFile</string>
			<key>settings</key>
			<dict/>
		</dict>
	</dict>
	<key>rootObject</key>
	<string>2C2ACA5416EE2453001E333A</string>
</dict>
</plist>
