PODS:
  - GData (1.9.1):
    - GData/Core
    - GData/XMLNode
    - gtm-oauth2
    - GTMHTTPFetcher
  - GData/Core (1.9.1):
    - gtm-oauth2
    - GTMHTTPFetcher
  - GData/XMLNode (1.9.1):
    - gtm-oauth2
    - GTMHTTPFetcher
  - gtm-oauth2 (0.0.1):
    - gtm-oauth2/Core
    - GTMHTTPFetcher
    - SBJson
  - gtm-oauth2/Core (0.0.1):
    - gtm-oauth2/Core/Mac
    - gtm-oauth2/Core/Touch
    - GTMHTTPFetcher
    - SBJson
  - gtm-oauth2/Core/Mac (0.0.1):
    - GTMHTTPFetcher
    - SBJson
  - gtm-oauth2/Core/Touch (0.0.1):
    - GTMHTTPFetcher
    - SBJson
  - GTMHTTPFetcher (0.0.1):
    - SBJson
  - Reachability (3.1.0)
  - SBJson (3.2)
  - STManagedTracker (0.0.1)
  - UDPushAuth (0.2.1):
    - GData (~> 1.9.1)
    - Reachability (~> 3.1.0)
  - YandexMapKit (1.0.4)

DEPENDENCIES:
  - STManagedTracker (from `https://github.com/sys-team/STManagedTracker.git`, branch `settings`)
  - UDPushAuth (from `https://github.com/Unact/UDPushAuth.git`, branch `master`)
  - YandexMapKit (~> 1.0.4)

EXTERNAL SOURCES:
  STManagedTracker:
    :branch: settings
    :git: https://github.com/sys-team/STManagedTracker.git
  UDPushAuth:
    :branch: master
    :git: https://github.com/Unact/UDPushAuth.git

SPEC CHECKSUMS:
  GData: 211721231a39df9ef7d9ef28242ada695245019e
  gtm-oauth2: c4824003b569bc9b96446661fb92dbc681335499
  GTMHTTPFetcher: 99f026c2d7afbcf2a051a64a3e81dcaedd060135
  Reachability: ba94ecd4eaa037be3d0588b38956672588530c5b
  SBJson: e60b4dc22448c2ae1e754b523a4ab53408e85c8d
  STManagedTracker: c6ce38d2efb4a8a064d6dd4e490b87a82a74a604
  UDPushAuth: 7df52124c241a6ba2646968a49cdd8670642b0bd
  YandexMapKit: 69db16c8ae6ab219c6ef67eb8feebb5fa4c4ef39

COCOAPODS: 0.19.1
